
Microsoft Visual Studio Solution File, Format Version 12.00
# Visual Studio Version 17
VisualStudioVersion = 17.3.32901.215
MinimumVisualStudioVersion = 10.0.40219.1
Project("{FAE04EC0-301F-11D3-BF4B-00C04F79EFBC}") = "Test_ThomasGrall", "Test_ThomasGrall\Test_ThomasGrall.csproj", "{F2FC4B3B-FC80-4A80-9A02-4EEC203415F5}"
EndProject
Global
	GlobalSection(SolutionConfigurationPlatforms) = preSolution
		Debug|Any CPU = Debug|Any CPU
		Release|Any CPU = Release|Any CPU
	EndGlobalSection
	GlobalSection(ProjectConfigurationPlatforms) = postSolution
		{F2FC4B3B-FC80-4A80-9A02-4EEC203415F5}.Debug|Any CPU.ActiveCfg = Debug|Any CPU
		{F2FC4B3B-FC80-4A80-9A02-4EEC203415F5}.Debug|Any CPU.Build.0 = Debug|Any CPU
		{F2FC4B3B-FC80-4A80-9A02-4EEC203415F5}.Release|Any CPU.ActiveCfg = Release|Any CPU
		{F2FC4B3B-FC80-4A80-9A02-4EEC203415F5}.Release|Any CPU.Build.0 = Release|Any CPU
	EndGlobalSection
	GlobalSection(SolutionProperties) = preSolution
		HideSolutionNode = FALSE
	EndGlobalSection
	GlobalSection(ExtensibilityGlobals) = postSolution
		SolutionGuid = {F5BEF5DA-7F7A-4505-A8A2-58F123338CF7}
	EndGlobalSection
EndGlobal
